
Microsoft Visual Studio Solution File, Format Version 12.00
# Visual Studio Version 16
VisualStudioVersion = 16.0.31911.196
MinimumVisualStudioVersion = 10.0.40219.1
Project("{FAE04EC0-301F-11D3-BF4B-00C04F79EFBC}") = "Practical_WAD", "Practical_WAD\Practical_WAD.csproj", "{D3CDB80E-C5AB-4219-8B9D-0FE5F418BB95}"
EndProject
Global
	GlobalSection(SolutionConfigurationPlatforms) = preSolution
		Debug|Any CPU = Debug|Any CPU
		Release|Any CPU = Release|Any CPU
	EndGlobalSection
	GlobalSection(ProjectConfigurationPlatforms) = postSolution
		{D3CDB80E-C5AB-4219-8B9D-0FE5F418BB95}.Debug|Any CPU.ActiveCfg = Debug|Any CPU
		{D3CDB80E-C5AB-4219-8B9D-0FE5F418BB95}.Debug|Any CPU.Build.0 = Debug|Any CPU
		{D3CDB80E-C5AB-4219-8B9D-0FE5F418BB95}.Release|Any CPU.ActiveCfg = Release|Any CPU
		{D3CDB80E-C5AB-4219-8B9D-0FE5F418BB95}.Release|Any CPU.Build.0 = Release|Any CPU
	EndGlobalSection
	GlobalSection(SolutionProperties) = preSolution
		HideSolutionNode = FALSE
	EndGlobalSection
	GlobalSection(ExtensibilityGlobals) = postSolution
		SolutionGuid = {0C08F253-2F00-4AE2-B0EA-982040AC959E}
	EndGlobalSection
EndGlobal
